
Microsoft Visual Studio Solution File, Format Version 12.00
# Visual Studio Version 17
VisualStudioVersion = 17.10.35013.160
MinimumVisualStudioVersion = 10.0.40219.1
Project("{9A19103F-16F7-4668-BE54-9A1E7A4F7556}") = "AuthenticationUI", "AuthenticationUI\AuthenticationUI.csproj", "{A51CCD65-84F3-4346-9459-03E7B4292ABF}"
EndProject
Project("{9A19103F-16F7-4668-BE54-9A1E7A4F7556}") = "API", "API\API.csproj", "{D7997201-0CFE-4731-9311-388ADA555B91}"
EndProject
Global
	GlobalSection(SolutionConfigurationPlatforms) = preSolution
		Debug|Any CPU = Debug|Any CPU
		Release|Any CPU = Release|Any CPU
	EndGlobalSection
	GlobalSection(ProjectConfigurationPlatforms) = postSolution
		{A51CCD65-84F3-4346-9459-03E7B4292ABF}.Debug|Any CPU.ActiveCfg = Debug|Any CPU
		{A51CCD65-84F3-4346-9459-03E7B4292ABF}.Debug|Any CPU.Build.0 = Debug|Any CPU
		{A51CCD65-84F3-4346-9459-03E7B4292ABF}.Release|Any CPU.ActiveCfg = Release|Any CPU
		{A51CCD65-84F3-4346-9459-03E7B4292ABF}.Release|Any CPU.Build.0 = Release|Any CPU
		{D7997201-0CFE-4731-9311-388ADA555B91}.Debug|Any CPU.ActiveCfg = Debug|Any CPU
		{D7997201-0CFE-4731-9311-388ADA555B91}.Debug|Any CPU.Build.0 = Debug|Any CPU
		{D7997201-0CFE-4731-9311-388ADA555B91}.Release|Any CPU.ActiveCfg = Release|Any CPU
		{D7997201-0CFE-4731-9311-388ADA555B91}.Release|Any CPU.Build.0 = Release|Any CPU
	EndGlobalSection
	GlobalSection(SolutionProperties) = preSolution
		HideSolutionNode = FALSE
	EndGlobalSection
	GlobalSection(ExtensibilityGlobals) = postSolution
		SolutionGuid = {0E2C139B-103F-451E-9745-8DA0310D1E79}
	EndGlobalSection
EndGlobal
