
Microsoft Visual Studio Solution File, Format Version 12.00
# Visual Studio Version 17
VisualStudioVersion = 17.10.35013.160
MinimumVisualStudioVersion = 10.0.40219.1
Project("{9A19103F-16F7-4668-BE54-9A1E7A4F7556}") = "AuthenticationUI", "AuthenticationUI\AuthenticationUI.csproj", "{A51CCD65-84F3-4346-9459-03E7B4292ABF}"
EndProject
Project("{9A19103F-16F7-4668-BE54-9A1E7A4F7556}") = "API", "API\API.csproj", "{AFD8E2D4-61D2-47B1-B92A-A5AA77E901D0}"
EndProject
Project("{9A19103F-16F7-4668-BE54-9A1E7A4F7556}") = "WebApplicationShared", "WebApplicationShared\WebApplicationShared.csproj", "{D28314D0-21FC-47AE-83AD-239979979CD8}"
EndProject
Project("{9A19103F-16F7-4668-BE54-9A1E7A4F7556}") = "MauiProject", "MauiProject\MauiProject.csproj", "{181EA385-D00E-414A-810B-054DC3C73859}"
EndProject
Global
	GlobalSection(SolutionConfigurationPlatforms) = preSolution
		Debug|Any CPU = Debug|Any CPU
		Release|Any CPU = Release|Any CPU
	EndGlobalSection
	GlobalSection(ProjectConfigurationPlatforms) = postSolution
		{A51CCD65-84F3-4346-9459-03E7B4292ABF}.Debug|Any CPU.ActiveCfg = Debug|Any CPU
		{A51CCD65-84F3-4346-9459-03E7B4292ABF}.Debug|Any CPU.Build.0 = Debug|Any CPU
		{A51CCD65-84F3-4346-9459-03E7B4292ABF}.Release|Any CPU.ActiveCfg = Release|Any CPU
		{A51CCD65-84F3-4346-9459-03E7B4292ABF}.Release|Any CPU.Build.0 = Release|Any CPU
		{AFD8E2D4-61D2-47B1-B92A-A5AA77E901D0}.Debug|Any CPU.ActiveCfg = Debug|Any CPU
		{AFD8E2D4-61D2-47B1-B92A-A5AA77E901D0}.Debug|Any CPU.Build.0 = Debug|Any CPU
		{AFD8E2D4-61D2-47B1-B92A-A5AA77E901D0}.Release|Any CPU.ActiveCfg = Release|Any CPU
		{AFD8E2D4-61D2-47B1-B92A-A5AA77E901D0}.Release|Any CPU.Build.0 = Release|Any CPU
		{D28314D0-21FC-47AE-83AD-239979979CD8}.Debug|Any CPU.ActiveCfg = Debug|Any CPU
		{D28314D0-21FC-47AE-83AD-239979979CD8}.Debug|Any CPU.Build.0 = Debug|Any CPU
		{D28314D0-21FC-47AE-83AD-239979979CD8}.Release|Any CPU.ActiveCfg = Release|Any CPU
		{D28314D0-21FC-47AE-83AD-239979979CD8}.Release|Any CPU.Build.0 = Release|Any CPU
		{181EA385-D00E-414A-810B-054DC3C73859}.Debug|Any CPU.ActiveCfg = Debug|Any CPU
		{181EA385-D00E-414A-810B-054DC3C73859}.Debug|Any CPU.Build.0 = Debug|Any CPU
		{181EA385-D00E-414A-810B-054DC3C73859}.Debug|Any CPU.Deploy.0 = Debug|Any CPU
		{181EA385-D00E-414A-810B-054DC3C73859}.Release|Any CPU.ActiveCfg = Release|Any CPU
		{181EA385-D00E-414A-810B-054DC3C73859}.Release|Any CPU.Build.0 = Release|Any CPU
		{181EA385-D00E-414A-810B-054DC3C73859}.Release|Any CPU.Deploy.0 = Release|Any CPU
	EndGlobalSection
	GlobalSection(SolutionProperties) = preSolution
		HideSolutionNode = FALSE
	EndGlobalSection
	GlobalSection(ExtensibilityGlobals) = postSolution
		SolutionGuid = {0E2C139B-103F-451E-9745-8DA0310D1E79}
	EndGlobalSection
EndGlobal
